
Microsoft Visual Studio Solution File, Format Version 12.00
# Visual Studio 14
VisualStudioVersion = 14.0.23107.0
MinimumVisualStudioVersion = 10.0.40219.1
Project("{F2A71F9B-5D33-465A-A702-920D77279786}") = "Feval", "Feval.fsproj", "{FB63D7E5-C9B0-46F5-A05A-208F902D546F}"
EndProject
Project("{F2A71F9B-5D33-465A-A702-920D77279786}") = "Feval.Tests", "..\Feval.Tests\Feval.Tests.fsproj", "{771CF859-037E-44F5-90D1-39D2F7723AAD}"
EndProject
Global
	GlobalSection(SolutionConfigurationPlatforms) = preSolution
		Debug|Any CPU = Debug|Any CPU
		Release|Any CPU = Release|Any CPU
	EndGlobalSection
	GlobalSection(ProjectConfigurationPlatforms) = postSolution
		{FB63D7E5-C9B0-46F5-A05A-208F902D546F}.Debug|Any CPU.ActiveCfg = Debug|Any CPU
		{FB63D7E5-C9B0-46F5-A05A-208F902D546F}.Debug|Any CPU.Build.0 = Debug|Any CPU
		{FB63D7E5-C9B0-46F5-A05A-208F902D546F}.Release|Any CPU.ActiveCfg = Release|Any CPU
		{FB63D7E5-C9B0-46F5-A05A-208F902D546F}.Release|Any CPU.Build.0 = Release|Any CPU
		{771CF859-037E-44F5-90D1-39D2F7723AAD}.Debug|Any CPU.ActiveCfg = Debug|Any CPU
		{771CF859-037E-44F5-90D1-39D2F7723AAD}.Debug|Any CPU.Build.0 = Debug|Any CPU
		{771CF859-037E-44F5-90D1-39D2F7723AAD}.Release|Any CPU.ActiveCfg = Release|Any CPU
		{771CF859-037E-44F5-90D1-39D2F7723AAD}.Release|Any CPU.Build.0 = Release|Any CPU
	EndGlobalSection
	GlobalSection(SolutionProperties) = preSolution
		HideSolutionNode = FALSE
	EndGlobalSection
EndGlobal
